
Microsoft Visual Studio Solution File, Format Version 12.00
# Visual Studio Version 17
VisualStudioVersion = 17.4.33110.190
MinimumVisualStudioVersion = 10.0.40219.1
Project("{FAE04EC0-301F-11D3-BF4B-00C04F79EFBC}") = "AbstractFactoryPattern", "AbstractFactoryPattern\AbstractFactoryPattern.csproj", "{75B77878-B2A2-42E9-8DC9-59F482CABA05}"
EndProject
Global
	GlobalSection(SolutionConfigurationPlatforms) = preSolution
		Debug|Any CPU = Debug|Any CPU
		Release|Any CPU = Release|Any CPU
	EndGlobalSection
	GlobalSection(ProjectConfigurationPlatforms) = postSolution
		{75B77878-B2A2-42E9-8DC9-59F482CABA05}.Debug|Any CPU.ActiveCfg = Debug|Any CPU
		{75B77878-B2A2-42E9-8DC9-59F482CABA05}.Debug|Any CPU.Build.0 = Debug|Any CPU
		{75B77878-B2A2-42E9-8DC9-59F482CABA05}.Release|Any CPU.ActiveCfg = Release|Any CPU
		{75B77878-B2A2-42E9-8DC9-59F482CABA05}.Release|Any CPU.Build.0 = Release|Any CPU
	EndGlobalSection
	GlobalSection(SolutionProperties) = preSolution
		HideSolutionNode = FALSE
	EndGlobalSection
	GlobalSection(ExtensibilityGlobals) = postSolution
		SolutionGuid = {E52D9FFD-C144-4F2C-8451-7ED4BF1D46D0}
	EndGlobalSection
EndGlobal
